# This file is automatically @generated by Poetry 2.1.3 and should not be changed by hand.

[[package]]
name = "line-profiler"
version = "5.0.0"
description = "Line-by-line profiler"
optional = false
python-versions = ">=3.8"
groups = ["main"]
files = [
    {file = "line_profiler-5.0.0-cp310-cp310-macosx_10_9_universal2.whl", hash = "sha256:5cd1621ff77e1f3f423dcc2611ef6fba462e791ce01fb41c95dce6d519c48ec8"},
    {file = "line_profiler-5.0.0-cp310-cp310-macosx_10_9_x86_64.whl", hash = "sha256:17a44491d16309bc39fc6197b376a120ebc52adc3f50b0b6f9baf99af3124406"},
    {file = "line_profiler-5.0.0-cp310-cp310-macosx_11_0_arm64.whl", hash = "sha256:a36a9a5ea5e37b0969a451f922b4dbb109350981187317f708694b3b5ceac3a5"},
    {file = "line_profiler-5.0.0-cp310-cp310-manylinux_2_17_i686.manylinux2014_i686.whl", hash = "sha256:b67e6e292efaf85d9678fe29295b46efd72c0d363b38e6b424df39b6553c49b3"},
    {file = "line_profiler-5.0.0-cp310-cp310-manylinux_2_17_x86_64.manylinux2014_x86_64.whl", hash = "sha256:4b9c92c28ee16bf3ba99966854407e4bc927473a925c1629489c8ebc01f8a640"},
    {file = "line_profiler-5.0.0-cp310-cp310-musllinux_1_2_i686.whl", hash = "sha256:51609cc264df6315cd9b9fa76d822a7b73a4f278dcab90ba907e32dc939ab1c2"},
    {file = "line_profiler-5.0.0-cp310-cp310-musllinux_1_2_x86_64.whl", hash = "sha256:67f9721281655dc2b6763728a63928e3b8a35dfd6160c628a3c599afd0814a71"},
    {file = "line_profiler-5.0.0-cp310-cp310-win_amd64.whl", hash = "sha256:c2c27ac0c30d35ca1de5aeebe97e1d9c0d582e3d2c4146c572a648bec8efcfac"},
    {file = "line_profiler-5.0.0-cp311-cp311-macosx_10_9_universal2.whl", hash = "sha256:f32d536c056393b7ca703e459632edc327ff9e0fc320c7b0e0ed14b84d342b7f"},
    {file = "line_profiler-5.0.0-cp311-cp311-macosx_10_9_x86_64.whl", hash = "sha256:a7da04ffc5a0a1f6653f43b13ad2e7ebf66f1d757174b7e660dfa0cbe74c4fc6"},
    {file = "line_profiler-5.0.0-cp311-cp311-macosx_11_0_arm64.whl", hash = "sha256:d2746f6b13c19ca4847efd500402d53a5ebb2fe31644ce8af74fbeac5ea4c54c"},
    {file = "line_profiler-5.0.0-cp311-cp311-manylinux_2_17_i686.manylinux2014_i686.whl", hash = "sha256:7b4290319a59730c04cbd03755472d10524130065a20a695dc10dd66ffd92172"},
    {file = "line_profiler-5.0.0-cp311-cp311-manylinux_2_17_x86_64.manylinux2014_x86_64.whl", hash = "sha256:7cd168a8af0032e8e3cb2fbb9ffc7694cdcecd47ec356ae863134df07becb3a2"},
    {file = "line_profiler-5.0.0-cp311-cp311-musllinux_1_2_i686.whl", hash = "sha256:cbe7b095865d00dda0f53d7d4556c2b1b5d13f723173a85edb206a78779ee07a"},
    {file = "line_profiler-5.0.0-cp311-cp311-musllinux_1_2_x86_64.whl", hash = "sha256:ff176045ea8a9e33900856db31b0b979357c337862ae4837140c98bd3161c3c7"},
    {file = "line_profiler-5.0.0-cp311-cp311-win_amd64.whl", hash = "sha256:474e0962d02123f1190a804073b308a67ef5f9c3b8379184483d5016844a00df"},
    {file = "line_profiler-5.0.0-cp312-cp312-macosx_10_13_universal2.whl", hash = "sha256:729b18c0ac66b3368ade61203459219c202609f76b34190cbb2508b8e13998c8"},
    {file = "line_profiler-5.0.0-cp312-cp312-macosx_10_13_x86_64.whl", hash = "sha256:438ed24278c428119473b61a473c8fe468ace7c97c94b005cb001137bc624547"},
    {file = "line_profiler-5.0.0-cp312-cp312-macosx_11_0_arm64.whl", hash = "sha256:920b0076dca726caadbf29f0bfcce0cbcb4d9ff034cd9445a7308f9d556b4b3a"},
    {file = "line_profiler-5.0.0-cp312-cp312-manylinux_2_17_i686.manylinux2014_i686.whl", hash = "sha256:53326eaad2d807487dcd45d2e385feaaed81aaf72b9ecd4f53c1a225d658006f"},
    {file = "line_profiler-5.0.0-cp312-cp312-manylinux_2_17_x86_64.manylinux2014_x86_64.whl", hash = "sha256:0e3995a989cdea022f0ede5db19a6ab527f818c59ffcebf4e5f7a8be4eb8e880"},
    {file = "line_profiler-5.0.0-cp312-cp312-musllinux_1_2_i686.whl", hash = "sha256:8bf57892a1d3a42273652506746ba9f620c505773ada804367c42e5b4146d6b6"},
    {file = "line_profiler-5.0.0-cp312-cp312-musllinux_1_2_x86_64.whl", hash = "sha256:43672085f149f5fbf3f08bba072ad7014dd485282e8665827b26941ea97d2d76"},
    {file = "line_profiler-5.0.0-cp312-cp312-win_amd64.whl", hash = "sha256:446bd4f04e4bd9e979d68fdd916103df89a9d419e25bfb92b31af13c33808ee0"},
    {file = "line_profiler-5.0.0-cp313-cp313-macosx_10_13_universal2.whl", hash = "sha256:9873fabbae1587778a551176758a70a5f6c89d8d070a1aca7a689677d41a1348"},
    {file = "line_profiler-5.0.0-cp313-cp313-macosx_10_13_x86_64.whl", hash = "sha256:2cd6cdb5a4d3b4ced607104dbed73ec820a69018decd1a90904854380536ed32"},
    {file = "line_profiler-5.0.0-cp313-cp313-macosx_11_0_arm64.whl", hash = "sha256:34d6172a3bd14167b3ea2e629d71b08683b17b3bc6eb6a4936d74e3669f875b6"},
    {file = "line_profiler-5.0.0-cp313-cp313-manylinux_2_17_i686.manylinux2014_i686.whl", hash = "sha256:e5edd859be322aa8252253e940ac1c60cca4c385760d90a402072f8f35e4b967"},
    {file = "line_profiler-5.0.0-cp313-cp313-manylinux_2_17_x86_64.manylinux2014_x86_64.whl", hash = "sha256:5d4f97b223105eed6e525994f5653061bd981e04838ee5d14e01d17c26185094"},
    {file = "line_profiler-5.0.0-cp313-cp313-musllinux_1_2_x86_64.whl", hash = "sha256:4758007e491bee3be40ebcca460596e0e28e7f39b735264694a9cafec729dfa9"},
    {file = "line_profiler-5.0.0-cp313-cp313-win_amd64.whl", hash = "sha256:213b19c4b65942db5d477e603c18c76126e3811a39d8bab251d930d8ce82ffba"},
    {file = "line_profiler-5.0.0-cp38-cp38-macosx_10_9_universal2.whl", hash = "sha256:84c91fdc813e41c7d07ff3d1630a8b9efd54646c144432178f8603424ab06f81"},
    {file = "line_profiler-5.0.0-cp38-cp38-macosx_10_9_x86_64.whl", hash = "sha256:ebaf17814431f429d76166b7c0e57c6e84925f7b57e348f8edfd8e96968f0d73"},
    {file = "line_profiler-5.0.0-cp38-cp38-macosx_11_0_arm64.whl", hash = "sha256:412efd162a9ad75d80410e58ba80368f587af854c6b373a152a4f858e15f6102"},
    {file = "line_profiler-5.0.0-cp38-cp38-manylinux_2_17_i686.manylinux2014_i686.whl", hash = "sha256:b3b05c9177201f02b18a70039e72bcf5a75288abb362e97e17a83f0db334e368"},
    {file = "line_profiler-5.0.0-cp38-cp38-manylinux_2_17_x86_64.manylinux2014_x86_64.whl", hash = "sha256:3c4d3147aa07caa44e05f44db4e27ca4f5392187c0934f887bdb81d7dc1884c9"},
    {file = "line_profiler-5.0.0-cp38-cp38-musllinux_1_2_i686.whl", hash = "sha256:6cec60f39d0e72548173bfcd419566221e2c0c6168ecca46678f427a0e21b732"},
    {file = "line_profiler-5.0.0-cp38-cp38-musllinux_1_2_x86_64.whl", hash = "sha256:7d14141fe4376510cc192cd828f357bf276b8297fcda00ebac5adbc9235732f4"},
    {file = "line_profiler-5.0.0-cp38-cp38-win_amd64.whl", hash = "sha256:64b4ce2506d1dac22f05f51692970ecb89741cb6a15bcb4c00212b2c39610ff1"},
    {file = "line_profiler-5.0.0-cp39-cp39-macosx_10_9_universal2.whl", hash = "sha256:7ba2142d35a3401d348cb743611bac52ba9db9cf026f8aa82c34d13effb98a71"},
    {file = "line_profiler-5.0.0-cp39-cp39-macosx_10_9_x86_64.whl", hash = "sha256:17724b2dff0edb3a4ac402bef6381060a4c424fbaa170e651306495f7c95bba8"},
    {file = "line_profiler-5.0.0-cp39-cp39-macosx_11_0_arm64.whl", hash = "sha256:d2315baca21a9be299b5a0a89f2ce4ed5cfd12ba039a82784a298dd106d3621d"},
    {file = "line_profiler-5.0.0-cp39-cp39-manylinux_2_17_i686.manylinux2014_i686.whl", hash = "sha256:febbfc59502984e2cb0deb27cd163ed71847e36bbb82763f2bf3c9432cc440ab"},
    {file = "line_profiler-5.0.0-cp39-cp39-manylinux_2_17_x86_64.manylinux2014_x86_64.whl", hash = "sha256:213dc34b1abdcafff944c13e62f2f1d254fc1cb30740ac0257e4567c8bea9a03"},
    {file = "line_profiler-5.0.0-cp39-cp39-musllinux_1_2_i686.whl", hash = "sha256:011ac8167855513cac266d698b34b8ded9c673640d105a715c989fd5f27a298c"},
    {file = "line_profiler-5.0.0-cp39-cp39-musllinux_1_2_x86_64.whl", hash = "sha256:4646907f588439845d7739d6a5f10ab08a2f8952d65f61145eeb705e8bb4797e"},
    {file = "line_profiler-5.0.0-cp39-cp39-win_amd64.whl", hash = "sha256:2cb6dced51bf906ddf2a8d75eda3523cee4cfb0102f54610e8f849630341a281"},
    {file = "line_profiler-5.0.0.tar.gz", hash = "sha256:a80f0afb05ba0d275d9dddc5ff97eab637471167ff3e66dcc7d135755059398c"},
]

[package.extras]
all = ["Cython (>=3.0.3)", "IPython (>=8.12.2) ; python_version < \"3.9.0\" and python_version >= \"3.8.0\"", "IPython (>=8.14.0) ; python_version < \"4.0.0\" and python_version >= \"3.9.0\"", "cibuildwheel (>=2.11.2) ; python_version < \"4.0\" and python_version >= \"3.11\"", "cibuildwheel (>=2.11.2) ; python_version == \"3.10\"", "cibuildwheel (>=2.11.2) ; python_version == \"3.8\"", "cibuildwheel (>=2.11.2) ; python_version == \"3.9\"", "cmake (>=3.21.2)", "coverage[toml] (>=6.5.0) ; python_version < \"3.12\" and python_version >= \"3.10\"", "coverage[toml] (>=6.5.0) ; python_version == \"3.8\"", "coverage[toml] (>=6.5.0) ; python_version == \"3.9\"", "coverage[toml] (>=7.3.0) ; python_version < \"4.0\" and python_version >= \"3.12\"", "ninja (>=1.10.2)", "pytest (>=7.4.4) ; python_version < \"4.0\" and python_version >= \"3.13\"", "pytest (>=7.4.4) ; python_version == \"3.10\"", "pytest (>=7.4.4) ; python_version == \"3.11\"", "pytest (>=7.4.4) ; python_version == \"3.12\"", "pytest (>=7.4.4) ; python_version == \"3.8\"", "pytest (>=7.4.4) ; python_version == \"3.9\"", "pytest-cov (>=3.0.0)", "rich (>=12.3.0)", "scikit-build (>=0.11.1)", "setuptools (>=68.2.2) ; python_version < \"4.0\" and python_version >= \"3.8\"", "tomli ; python_version < \"3.11\"", "ubelt (>=1.3.4)", "xdoctest (>=1.1.3)"]
all-strict = ["Cython (==3.0.3)", "IPython (==8.12.2) ; python_version < \"3.9.0\" and python_version >= \"3.8.0\"", "IPython (==8.14.0) ; python_version < \"4.0.0\" and python_version >= \"3.9.0\"", "cibuildwheel (==2.11.2) ; python_version < \"4.0\" and python_version >= \"3.11\"", "cibuildwheel (==2.11.2) ; python_version == \"3.10\"", "cibuildwheel (==2.11.2) ; python_version == \"3.8\"", "cibuildwheel (==2.11.2) ; python_version == \"3.9\"", "cmake (==3.21.2)", "coverage[toml] (==6.5.0) ; python_version < \"3.12\" and python_version >= \"3.10\"", "coverage[toml] (==6.5.0) ; python_version == \"3.8\"", "coverage[toml] (==6.5.0) ; python_version == \"3.9\"", "coverage[toml] (==7.3.0) ; python_version < \"4.0\" and python_version >= \"3.12\"", "ninja (==1.10.2)", "pytest (==7.4.4) ; python_version < \"4.0\" and python_version >= \"3.13\"", "pytest (==7.4.4) ; python_version == \"3.10\"", "pytest (==7.4.4) ; python_version == \"3.11\"", "pytest (==7.4.4) ; python_version == \"3.12\"", "pytest (==7.4.4) ; python_version == \"3.8\"", "pytest (==7.4.4) ; python_version == \"3.9\"", "pytest-cov (==3.0.0)", "rich (==12.3.0)", "scikit-build (==0.11.1)", "setuptools (==68.2.2) ; python_version < \"4.0\" and python_version >= \"3.8\"", "tomli ; python_version < \"3.11\"", "ubelt (==1.3.4)", "xdoctest (==1.1.3)"]
ipython = ["IPython (>=8.12.2) ; python_version < \"3.9.0\" and python_version >= \"3.8.0\"", "IPython (>=8.14.0) ; python_version < \"4.0.0\" and python_version >= \"3.9.0\""]
ipython-strict = ["IPython (==8.12.2) ; python_version < \"3.9.0\" and python_version >= \"3.8.0\"", "IPython (==8.14.0) ; python_version < \"4.0.0\" and python_version >= \"3.9.0\""]
optional = ["IPython (>=8.12.2) ; python_version < \"3.9.0\" and python_version >= \"3.8.0\"", "IPython (>=8.14.0) ; python_version < \"4.0.0\" and python_version >= \"3.9.0\"", "rich (>=12.3.0)"]
optional-strict = ["IPython (==8.12.2) ; python_version < \"3.9.0\" and python_version >= \"3.8.0\"", "IPython (==8.14.0) ; python_version < \"4.0.0\" and python_version >= \"3.9.0\"", "rich (==12.3.0)"]
runtime-strict = ["tomli ; python_version < \"3.11\""]
tests = ["coverage[toml] (>=6.5.0) ; python_version < \"3.12\" and python_version >= \"3.10\"", "coverage[toml] (>=6.5.0) ; python_version == \"3.8\"", "coverage[toml] (>=6.5.0) ; python_version == \"3.9\"", "coverage[toml] (>=7.3.0) ; python_version < \"4.0\" and python_version >= \"3.12\"", "pytest (>=7.4.4) ; python_version < \"4.0\" and python_version >= \"3.13\"", "pytest (>=7.4.4) ; python_version == \"3.10\"", "pytest (>=7.4.4) ; python_version == \"3.11\"", "pytest (>=7.4.4) ; python_version == \"3.12\"", "pytest (>=7.4.4) ; python_version == \"3.8\"", "pytest (>=7.4.4) ; python_version == \"3.9\"", "pytest-cov (>=3.0.0)", "ubelt (>=1.3.4)", "xdoctest (>=1.1.3)"]
tests-strict = ["coverage[toml] (==6.5.0) ; python_version < \"3.12\" and python_version >= \"3.10\"", "coverage[toml] (==6.5.0) ; python_version == \"3.8\"", "coverage[toml] (==6.5.0) ; python_version == \"3.9\"", "coverage[toml] (==7.3.0) ; python_version < \"4.0\" and python_version >= \"3.12\"", "pytest (==7.4.4) ; python_version < \"4.0\" and python_version >= \"3.13\"", "pytest (==7.4.4) ; python_version == \"3.10\"", "pytest (==7.4.4) ; python_version == \"3.11\"", "pytest (==7.4.4) ; python_version == \"3.12\"", "pytest (==7.4.4) ; python_version == \"3.8\"", "pytest (==7.4.4) ; python_version == \"3.9\"", "pytest-cov (==3.0.0)", "ubelt (==1.3.4)", "xdoctest (==1.1.3)"]

[[package]]
name = "pyqt6"
version = "6.9.1"
description = "Python bindings for the Qt cross platform application toolkit"
optional = false
python-versions = ">=3.9"
groups = ["main"]
files = [
    {file = "pyqt6-6.9.1-cp39-abi3-macosx_10_14_universal2.whl", hash = "sha256:33c23d28f6608747ecc8bfd04c8795f61631af9db4fb1e6c2a7523ec4cc916d9"},
    {file = "pyqt6-6.9.1-cp39-abi3-manylinux_2_28_x86_64.whl", hash = "sha256:37884df27f774e2e1c0c96fa41e817a222329b80ffc6241725b0dc8c110acb35"},
    {file = "pyqt6-6.9.1-cp39-abi3-manylinux_2_39_aarch64.whl", hash = "sha256:055870b703c1a49ca621f8a89e2ec4d848e6c739d39367eb9687af3b056d9aa3"},
    {file = "pyqt6-6.9.1-cp39-abi3-win_amd64.whl", hash = "sha256:15b95bd273bb6288b070ed7a9503d5ff377aa4882dd6d175f07cad28cdb21da0"},
    {file = "pyqt6-6.9.1-cp39-abi3-win_arm64.whl", hash = "sha256:08792c72d130a02e3248a120f0b9bbb4bf4319095f92865bc5b365b00518f53d"},
    {file = "pyqt6-6.9.1.tar.gz", hash = "sha256:50642be03fb40f1c2111a09a1f5a0f79813e039c15e78267e6faaf8a96c1c3a6"},
]

[package.dependencies]
PyQt6-Qt6 = ">=6.9.0,<6.10.0"
PyQt6-sip = ">=13.8,<14"

[[package]]
name = "pyqt6-qt6"
version = "6.9.2"
description = "The subset of a Qt installation needed by PyQt6."
optional = false
python-versions = "*"
groups = ["main"]
files = [
    {file = "pyqt6_qt6-6.9.2-py3-none-macosx_10_14_x86_64.whl", hash = "sha256:183b62be49216da80c7df1931d74885610a88f74812489d29610d13b7c215a1c"},
    {file = "pyqt6_qt6-6.9.2-py3-none-macosx_11_0_arm64.whl", hash = "sha256:7897fb74ee21bdc87b5ccf84e94f4a551377e792fd180a9211c17eb41c3338a3"},
    {file = "pyqt6_qt6-6.9.2-py3-none-manylinux_2_28_x86_64.whl", hash = "sha256:9abfc0ee4a8293a6442128ae3f87f68e82e2a949d7b9caabd98c86ba5679ab48"},
    {file = "pyqt6_qt6-6.9.2-py3-none-manylinux_2_39_aarch64.whl", hash = "sha256:940aac6462532578e8ddefe0494cd17e33a85e0f3cfb21c612f56ab9ad7bc871"},
    {file = "pyqt6_qt6-6.9.2-py3-none-win_amd64.whl", hash = "sha256:f9289768039bef4a63e5949b7f8cfbbddc3b6d24bd58c21ba0f2921bed8d1c08"},
    {file = "pyqt6_qt6-6.9.2-py3-none-win_arm64.whl", hash = "sha256:8f82944ef68c8f8c78aa8eca4832c7bc05116c6de00a3bad8af5a0d63d1caafb"},
]

[[package]]
name = "pyqt6-sip"
version = "13.10.2"
description = "The sip module support for PyQt6"
optional = false
python-versions = ">=3.9"
groups = ["main"]
files = [
    {file = "pyqt6_sip-13.10.2-cp310-cp310-macosx_10_9_universal2.whl", hash = "sha256:8132ec1cbbecc69d23dcff23916ec07218f1a9bbbc243bf6f1df967117ce303e"},
    {file = "pyqt6_sip-13.10.2-cp310-cp310-manylinux_2_17_aarch64.manylinux2014_aarch64.whl", hash = "sha256:07f77e89d93747dda71b60c3490b00d754451729fbcbcec840e42084bf061655"},
    {file = "pyqt6_sip-13.10.2-cp310-cp310-manylinux_2_5_x86_64.manylinux1_x86_64.whl", hash = "sha256:4ffa71ddff6ef031d52cd4f88b8bba08b3516313c023c7e5825cf4a0ba598712"},
    {file = "pyqt6_sip-13.10.2-cp310-cp310-win_amd64.whl", hash = "sha256:e907394795e61f1174134465c889177f584336a98d7a10beade2437bf5942244"},
    {file = "pyqt6_sip-13.10.2-cp311-cp311-macosx_10_9_universal2.whl", hash = "sha256:1a6c2f168773af9e6c7ef5e52907f16297d4efd346e4c958eda54ea9135be18e"},
    {file = "pyqt6_sip-13.10.2-cp311-cp311-manylinux_2_17_aarch64.manylinux2014_aarch64.whl", hash = "sha256:b1d3cc9015a1bd8c8d3e86a009591e897d4d46b0c514aede7d2970a2208749cd"},
    {file = "pyqt6_sip-13.10.2-cp311-cp311-manylinux_2_5_x86_64.manylinux1_x86_64.whl", hash = "sha256:ddd578a8d975bfb5fef83751829bf09a97a1355fa1de098e4fb4d1b74ee872fc"},
    {file = "pyqt6_sip-13.10.2-cp311-cp311-win_amd64.whl", hash = "sha256:061d4a2eb60a603d8be7db6c7f27eb29d9cea97a09aa4533edc1662091ce4f03"},
    {file = "pyqt6_sip-13.10.2-cp311-cp311-win_arm64.whl", hash = "sha256:45ac06f0380b7aa4fcffd89f9e8c00d1b575dc700c603446a9774fda2dcfc0de"},
    {file = "pyqt6_sip-13.10.2-cp312-cp312-macosx_10_9_universal2.whl", hash = "sha256:83e6a56d3e715f748557460600ec342cbd77af89ec89c4f2a68b185fa14ea46c"},
    {file = "pyqt6_sip-13.10.2-cp312-cp312-manylinux_2_17_aarch64.manylinux2014_aarch64.whl", hash = "sha256:4ccf197f8fa410e076936bee28ad9abadb450931d5be5625446fd20e0d8b27a6"},
    {file = "pyqt6_sip-13.10.2-cp312-cp312-manylinux_2_5_x86_64.manylinux1_x86_64.whl", hash = "sha256:37af463dcce39285e686d49523d376994d8a2508b9acccb7616c4b117c9c4ed7"},
    {file = "pyqt6_sip-13.10.2-cp312-cp312-win_amd64.whl", hash = "sha256:c7b34a495b92790c70eae690d9e816b53d3b625b45eeed6ae2c0fe24075a237e"},
    {file = "pyqt6_sip-13.10.2-cp312-cp312-win_arm64.whl", hash = "sha256:c80cc059d772c632f5319632f183e7578cd0976b9498682833035b18a3483e92"},
    {file = "pyqt6_sip-13.10.2-cp313-cp313-macosx_10_13_universal2.whl", hash = "sha256:8b5d06a0eac36038fa8734657d99b5fe92263ae7a0cd0a67be6acfe220a063e1"},
    {file = "pyqt6_sip-13.10.2-cp313-cp313-manylinux_2_17_aarch64.manylinux2014_aarch64.whl", hash = "sha256:ad376a6078da37b049fdf9d6637d71b52727e65c4496a80b753ddc8d27526aca"},
    {file = "pyqt6_sip-13.10.2-cp313-cp313-manylinux_2_5_x86_64.manylinux1_x86_64.whl", hash = "sha256:3dde8024d055f496eba7d44061c5a1ba4eb72fc95e5a9d7a0dbc908317e0888b"},
    {file = "pyqt6_sip-13.10.2-cp313-cp313-win_amd64.whl", hash = "sha256:0b097eb58b4df936c4a2a88a2f367c8bb5c20ff049a45a7917ad75d698e3b277"},
    {file = "pyqt6_sip-13.10.2-cp313-cp313-win_arm64.whl", hash = "sha256:cc6a1dfdf324efaac6e7b890a608385205e652845c62130de919fd73a6326244"},
    {file = "pyqt6_sip-13.10.2-cp39-cp39-macosx_10_9_universal2.whl", hash = "sha256:38b5823dca93377f8a4efac3cbfaa1d20229aa5b640c31cf6ebbe5c586333808"},
    {file = "pyqt6_sip-13.10.2-cp39-cp39-manylinux_2_17_aarch64.manylinux2014_aarch64.whl", hash = "sha256:5506b9a795098df3b023cc7d0a37f93d3224a9c040c43804d4bc06e0b2b742b0"},
    {file = "pyqt6_sip-13.10.2-cp39-cp39-manylinux_2_5_x86_64.manylinux1_x86_64.whl", hash = "sha256:e455a181d45a28ee8d18d42243d4f470d269e6ccdee60f2546e6e71218e05bb4"},
    {file = "pyqt6_sip-13.10.2-cp39-cp39-win_amd64.whl", hash = "sha256:9c67ed66e21b11e04ffabe0d93bc21df22e0a5d7e2e10ebc8c1d77d2f5042991"},
    {file = "pyqt6_sip-13.10.2.tar.gz", hash = "sha256:464ad156bf526500ce6bd05cac7a82280af6309974d816739b4a9a627156fafe"},
]

[metadata]
lock-version = "2.1"
python-versions = "^3.11"
content-hash = "ba54b505d0752102cab01c5a880e516c16f589a2bbb2401b25b8d513289f2f79"
